
Microsoft Visual Studio Solution File, Format Version 12.00
# Visual Studio 14
VisualStudioVersion = 14.0.25420.1
MinimumVisualStudioVersion = 10.0.40219.1
Project("{FAE04EC0-301F-11D3-BF4B-00C04F79EFBC}") = "MyInventory", "MyInventory\MyInventory.csproj", "{F098F0B2-B287-434C-B936-43A5231CBB7C}"
EndProject
Project("{FAE04EC0-301F-11D3-BF4B-00C04F79EFBC}") = "MyInventory.Tests", "MyInventory.Tests\MyInventory.Tests.csproj", "{BD0A48CA-C8B4-4A1E-8A31-C15702EA40EB}"
EndProject
Global
	GlobalSection(SolutionConfigurationPlatforms) = preSolution
		Debug|Any CPU = Debug|Any CPU
		Release|Any CPU = Release|Any CPU
	EndGlobalSection
	GlobalSection(ProjectConfigurationPlatforms) = postSolution
		{F098F0B2-B287-434C-B936-43A5231CBB7C}.Debug|Any CPU.ActiveCfg = Debug|Any CPU
		{F098F0B2-B287-434C-B936-43A5231CBB7C}.Debug|Any CPU.Build.0 = Debug|Any CPU
		{F098F0B2-B287-434C-B936-43A5231CBB7C}.Release|Any CPU.ActiveCfg = Release|Any CPU
		{F098F0B2-B287-434C-B936-43A5231CBB7C}.Release|Any CPU.Build.0 = Release|Any CPU
		{BD0A48CA-C8B4-4A1E-8A31-C15702EA40EB}.Debug|Any CPU.ActiveCfg = Debug|Any CPU
		{BD0A48CA-C8B4-4A1E-8A31-C15702EA40EB}.Debug|Any CPU.Build.0 = Debug|Any CPU
		{BD0A48CA-C8B4-4A1E-8A31-C15702EA40EB}.Release|Any CPU.ActiveCfg = Release|Any CPU
		{BD0A48CA-C8B4-4A1E-8A31-C15702EA40EB}.Release|Any CPU.Build.0 = Release|Any CPU
	EndGlobalSection
	GlobalSection(SolutionProperties) = preSolution
		HideSolutionNode = FALSE
	EndGlobalSection
EndGlobal
